{
  "version": 4,
  "terraform_version": "1.12.1",
  "serial": 56,
  "lineage": "d91788ae-a0c0-bc1e-79e6-0a411c65a793",
  "outputs": {
    "floating_ip_address": {
      "value": "192.168.100.105",
      "type": "string"
    }
  },
  "resources": [
    {
      "mode": "managed",
      "type": "openstack_compute_floatingip_associate_v2",
      "name": "fip_association",
      "provider": "provider[\"registry.terraform.io/terraform-provider-openstack/openstack\"]",
      "instances": [
        {
          "schema_version": 0,
          "attributes": {
            "fixed_ip": "",
            "floating_ip": "192.168.100.105",
            "id": "192.168.100.105/d78441d8-95b9-4f0c-a9e2-252d3c05e13a/",
            "instance_id": "d78441d8-95b9-4f0c-a9e2-252d3c05e13a",
            "region": "",
            "timeouts": null,
            "wait_until_associated": null
          },
          "sensitive_attributes": [],
          "identity_schema_version": 0,
          "private": "eyJlMmJmYjczMC1lY2FhLTExZTYtOGY4OC0zNDM2M2JjN2M0YzAiOnsiY3JlYXRlIjo2MDAwMDAwMDAwMDB9fQ==",
          "dependencies": [
            "openstack_compute_instance_v2.server",
            "openstack_networking_floatingip_v2.fip"
          ]
        }
      ]
    },
    {
      "mode": "managed",
      "type": "openstack_compute_instance_v2",
      "name": "server",
      "provider": "provider[\"registry.terraform.io/terraform-provider-openstack/openstack\"]",
      "instances": [
        {
          "schema_version": 0,
          "attributes": {
            "access_ip_v4": "10.10.10.253",
            "access_ip_v6": "",
            "admin_pass": null,
            "all_metadata": {
              "auto_start": "true"
            },
            "all_tags": [],
            "availability_zone": "nova",
            "availability_zone_hints": null,
            "block_device": [],
            "config_drive": null,
            "created": "2025-06-02 00:43:21 +0000 UTC",
            "flavor_id": "c209e6a5-d48f-45f3-8c53-00318f95b587",
            "flavor_name": "backend-small",
            "floating_ip": null,
            "force_delete": false,
            "id": "d78441d8-95b9-4f0c-a9e2-252d3c05e13a",
            "image_id": "1934d39e-5c94-45e1-af38-19b197a1ca14",
            "image_name": "Ubuntu 22.04 Cloud",
            "key_pair": "mykey",
            "metadata": {
              "auto_start": "true"
            },
            "name": "vm-backend-master-2",
            "network": [
              {
                "access_network": false,
                "fixed_ip_v4": "10.10.10.253",
                "fixed_ip_v6": "",
                "floating_ip": "",
                "mac": "fa:16:3e:e8:6d:24",
                "name": "my-private-net",
                "port": "",
                "uuid": "b24060a9-cd0c-4221-82ae-f13d0a436d53"
              }
            ],
            "network_mode": null,
            "personality": [],
            "power_state": "active",
            "region": "",
            "scheduler_hints": [],
            "security_groups": [
              "811abef4-1c98-491d-911a-a3f4d4ab8b95"
            ],
            "stop_before_destroy": false,
            "tags": null,
            "timeouts": null,
            "updated": "2025-06-02 00:43:31 +0000 UTC",
            "user_data": "8fa5c57dac646413c1a39de42a625a4ef008da4e",
            "vendor_options": [],
            "volume": []
          },
          "sensitive_attributes": [
            [
              {
                "type": "get_attr",
                "value": "admin_pass"
              }
            ]
          ],
          "identity_schema_version": 0,
          "private": "eyJlMmJmYjczMC1lY2FhLTExZTYtOGY4OC0zNDM2M2JjN2M0YzAiOnsiY3JlYXRlIjoxODAwMDAwMDAwMDAwLCJkZWxldGUiOjE4MDAwMDAwMDAwMDAsInVwZGF0ZSI6MTgwMDAwMDAwMDAwMH19"
        }
      ]
    },
    {
      "mode": "managed",
      "type": "openstack_networking_floatingip_v2",
      "name": "fip",
      "provider": "provider[\"registry.terraform.io/terraform-provider-openstack/openstack\"]",
      "instances": [
        {
          "schema_version": 0,
          "attributes": {
            "address": "192.168.100.105",
            "all_tags": [],
            "description": "",
            "dns_domain": "",
            "dns_name": "",
            "fixed_ip": "",
            "id": "0b678a6b-21c6-4db3-9108-5f9677c6a308",
            "pool": "external-network",
            "port_id": "",
            "region": "",
            "subnet_id": null,
            "subnet_ids": null,
            "tags": null,
            "tenant_id": "c47823a643134f56913caceada257c9d",
            "timeouts": null,
            "value_specs": null
          },
          "sensitive_attributes": [],
          "identity_schema_version": 0,
          "private": "eyJlMmJmYjczMC1lY2FhLTExZTYtOGY4OC0zNDM2M2JjN2M0YzAiOnsiY3JlYXRlIjo2MDAwMDAwMDAwMDAsImRlbGV0ZSI6NjAwMDAwMDAwMDAwfX0="
        }
      ]
    }
  ],
  "check_results": null
}
